
Microsoft Visual Studio Solution File, Format Version 12.00
# Visual Studio 14
VisualStudioVersion = 14.0.25420.1
MinimumVisualStudioVersion = 10.0.40219.1
Project("{8BC9CEB8-8B4A-11D0-8D11-00A0C91BC942}") = "MenuGenerator", "MenuGenerator\MenuGenerator.vcxproj", "{B12702AD-ABFB-343A-A199-8E24837244A3}"
EndProject
Project("{6141683F-8A12-4E36-9623-2EB02B2C2303}") = "Setup", "Setup\Setup.isproj", "{D8231B0F-5F8F-474F-B4F8-AFABB97B865C}"
	ProjectSection(ProjectDependencies) = postProject
		{B12702AD-ABFB-343A-A199-8E24837244A3} = {B12702AD-ABFB-343A-A199-8E24837244A3}
	EndProjectSection
EndProject
Global
	GlobalSection(SolutionConfigurationPlatforms) = preSolution
		CD_ROM|x64 = CD_ROM|x64
		Debug|x64 = Debug|x64
		DVD-5|x64 = DVD-5|x64
		Release|x64 = Release|x64
		SingleImage|x64 = SingleImage|x64
	EndGlobalSection
	GlobalSection(ProjectConfigurationPlatforms) = postSolution
		{B12702AD-ABFB-343A-A199-8E24837244A3}.CD_ROM|x64.ActiveCfg = Release|x64
		{B12702AD-ABFB-343A-A199-8E24837244A3}.CD_ROM|x64.Build.0 = Release|x64
		{B12702AD-ABFB-343A-A199-8E24837244A3}.Debug|x64.ActiveCfg = Debug|x64
		{B12702AD-ABFB-343A-A199-8E24837244A3}.Debug|x64.Build.0 = Debug|x64
		{B12702AD-ABFB-343A-A199-8E24837244A3}.DVD-5|x64.ActiveCfg = Debug|x64
		{B12702AD-ABFB-343A-A199-8E24837244A3}.DVD-5|x64.Build.0 = Debug|x64
		{B12702AD-ABFB-343A-A199-8E24837244A3}.Release|x64.ActiveCfg = Release|x64
		{B12702AD-ABFB-343A-A199-8E24837244A3}.Release|x64.Build.0 = Release|x64
		{B12702AD-ABFB-343A-A199-8E24837244A3}.SingleImage|x64.ActiveCfg = Release|x64
		{B12702AD-ABFB-343A-A199-8E24837244A3}.SingleImage|x64.Build.0 = Release|x64
		{D8231B0F-5F8F-474F-B4F8-AFABB97B865C}.CD_ROM|x64.ActiveCfg = CD_ROM
		{D8231B0F-5F8F-474F-B4F8-AFABB97B865C}.CD_ROM|x64.Build.0 = CD_ROM
		{D8231B0F-5F8F-474F-B4F8-AFABB97B865C}.Debug|x64.ActiveCfg = DVD-5
		{D8231B0F-5F8F-474F-B4F8-AFABB97B865C}.Debug|x64.Build.0 = DVD-5
		{D8231B0F-5F8F-474F-B4F8-AFABB97B865C}.DVD-5|x64.ActiveCfg = DVD-5
		{D8231B0F-5F8F-474F-B4F8-AFABB97B865C}.DVD-5|x64.Build.0 = DVD-5
		{D8231B0F-5F8F-474F-B4F8-AFABB97B865C}.Release|x64.ActiveCfg = SingleImage
		{D8231B0F-5F8F-474F-B4F8-AFABB97B865C}.Release|x64.Build.0 = SingleImage
		{D8231B0F-5F8F-474F-B4F8-AFABB97B865C}.SingleImage|x64.ActiveCfg = SingleImage
		{D8231B0F-5F8F-474F-B4F8-AFABB97B865C}.SingleImage|x64.Build.0 = SingleImage
	EndGlobalSection
	GlobalSection(SolutionProperties) = preSolution
		HideSolutionNode = FALSE
	EndGlobalSection
	GlobalSection(ExtensibilityGlobals) = postSolution
		SolutionGuid = {BB988445-CC05-4CAC-8B3A-582B7FD3DDE6}
	EndGlobalSection
EndGlobal
